
Microsoft Visual Studio Solution File, Format Version 12.00
# Visual Studio 14
VisualStudioVersion = 14.0.24720.0
MinimumVisualStudioVersion = 10.0.40219.1
Project("{FAE04EC0-301F-11D3-BF4B-00C04F79EFBC}") = "BloomfieldBliss", "BloomfieldBliss\BloomfieldBliss.csproj", "{3E5BBE37-7AC9-4560-832D-5024C21D9548}"
EndProject
Project("{FAE04EC0-301F-11D3-BF4B-00C04F79EFBC}") = "BloomfieldBliss.Tests", "BloomfieldBliss.Tests\BloomfieldBliss.Tests.csproj", "{981BDBDA-A440-4AB7-900E-A5077FE0B69C}"
EndProject
Project("{2150E333-8FDC-42A3-9474-1A3956D46DE8}") = "PublishScripts", "PublishScripts", "{30B610D7-E83E-411E-ACD6-39163D4F9C45}"
	ProjectSection(SolutionItems) = preProject
		PublishScripts\AzureVMPublishModule.psm1 = PublishScripts\AzureVMPublishModule.psm1
		PublishScripts\Publish-WebApplicationVM.ps1 = PublishScripts\Publish-WebApplicationVM.ps1
	EndProjectSection
EndProject
Project("{2150E333-8FDC-42A3-9474-1A3956D46DE8}") = "Configurations", "Configurations", "{33977BAA-2EBB-405E-9768-9D1604F79FC3}"
	ProjectSection(SolutionItems) = preProject
		PublishScripts\Configurations\BloomfieldBliss-WAWS-dev.json = PublishScripts\Configurations\BloomfieldBliss-WAWS-dev.json
	EndProjectSection
EndProject
Global
	GlobalSection(SolutionConfigurationPlatforms) = preSolution
		Debug|Any CPU = Debug|Any CPU
		Release|Any CPU = Release|Any CPU
	EndGlobalSection
	GlobalSection(ProjectConfigurationPlatforms) = postSolution
		{3E5BBE37-7AC9-4560-832D-5024C21D9548}.Debug|Any CPU.ActiveCfg = Debug|Any CPU
		{3E5BBE37-7AC9-4560-832D-5024C21D9548}.Debug|Any CPU.Build.0 = Debug|Any CPU
		{3E5BBE37-7AC9-4560-832D-5024C21D9548}.Release|Any CPU.ActiveCfg = Release|Any CPU
		{3E5BBE37-7AC9-4560-832D-5024C21D9548}.Release|Any CPU.Build.0 = Release|Any CPU
		{981BDBDA-A440-4AB7-900E-A5077FE0B69C}.Debug|Any CPU.ActiveCfg = Debug|Any CPU
		{981BDBDA-A440-4AB7-900E-A5077FE0B69C}.Debug|Any CPU.Build.0 = Debug|Any CPU
		{981BDBDA-A440-4AB7-900E-A5077FE0B69C}.Release|Any CPU.ActiveCfg = Release|Any CPU
		{981BDBDA-A440-4AB7-900E-A5077FE0B69C}.Release|Any CPU.Build.0 = Release|Any CPU
	EndGlobalSection
	GlobalSection(SolutionProperties) = preSolution
		HideSolutionNode = FALSE
	EndGlobalSection
	GlobalSection(NestedProjects) = preSolution
		{33977BAA-2EBB-405E-9768-9D1604F79FC3} = {30B610D7-E83E-411E-ACD6-39163D4F9C45}
	EndGlobalSection
EndGlobal
